
Microsoft Visual Studio Solution File, Format Version 12.00
# Visual Studio Version 16
VisualStudioVersion = 16.0.30804.86
MinimumVisualStudioVersion = 10.0.40219.1
Project("{FAE04EC0-301F-11D3-BF4B-00C04F79EFBC}") = "TicketingWebAPI", "TicketingWebAPI\TicketingWebAPI.csproj", "{17B74D6B-12EE-4882-86E3-4A0D91894564}"
EndProject
Global
	GlobalSection(SolutionConfigurationPlatforms) = preSolution
		Debug|Any CPU = Debug|Any CPU
		Release|Any CPU = Release|Any CPU
	EndGlobalSection
	GlobalSection(ProjectConfigurationPlatforms) = postSolution
		{17B74D6B-12EE-4882-86E3-4A0D91894564}.Debug|Any CPU.ActiveCfg = Debug|Any CPU
		{17B74D6B-12EE-4882-86E3-4A0D91894564}.Debug|Any CPU.Build.0 = Debug|Any CPU
		{17B74D6B-12EE-4882-86E3-4A0D91894564}.Release|Any CPU.ActiveCfg = Release|Any CPU
		{17B74D6B-12EE-4882-86E3-4A0D91894564}.Release|Any CPU.Build.0 = Release|Any CPU
	EndGlobalSection
	GlobalSection(SolutionProperties) = preSolution
		HideSolutionNode = FALSE
	EndGlobalSection
	GlobalSection(ExtensibilityGlobals) = postSolution
		SolutionGuid = {95DD5AB4-4A05-41B3-8314-38A4961900F4}
	EndGlobalSection
EndGlobal
